{
  "name": "2d-three-core",
  "version": "1.0.0",
  "lockfileVersion": 2,
  "requires": true,
  "packages": {
    "": {
      "name": "2d-three-core",
      "version": "1.0.0",
      "license": "ISC",
      "dependencies": {
        "troika-three-text": "^0.44.0"
      },
      "devDependencies": {
        "@types/node": "^17.0.1",
        "@types/three": "^0.135.0",
        "three": "^0.135.0",
        "typescript": "^4.5.4"
      }
    },
    "node_modules/@types/node": {
      "version": "17.0.1",
      "resolved": "https://registry.npmjs.org/@types/node/-/node-17.0.1.tgz",
      "integrity": "sha512-NXKvBVUzIbs6ylBwmOwHFkZS2EXCcjnqr8ZCRNaXBkHAf+3mn/rPcJxwrzuc6movh8fxQAsUUfYklJ/EG+hZqQ==",
      "dev": true
    },
    "node_modules/@types/three": {
      "version": "0.135.0",
      "resolved": "https://registry.npmjs.org/@types/three/-/three-0.135.0.tgz",
      "integrity": "sha512-l7WLhIHjhHMtlpyTSltPPAKLpiMwgMD1hXHj59AVUpYRoZP7Fd9NNOSRSvZBCPLpTHPYojgQvSJCoza9zoL7bg==",
      "dev": true
    },
    "node_modules/bidi-js": {
      "version": "1.0.2",
      "resolved": "https://registry.npmjs.org/bidi-js/-/bidi-js-1.0.2.tgz",
      "integrity": "sha512-rzSy/k7WdX5zOyeHHCOixGXbCHkyogkxPKL2r8QtzHmVQDiWCXUWa18bLdMWT9CYMLOYTjWpTHawuev2ouYJVw==",
      "dependencies": {
        "require-from-string": "^2.0.2"
      }
    },
    "node_modules/require-from-string": {
      "version": "2.0.2",
      "resolved": "https://registry.npmjs.org/require-from-string/-/require-from-string-2.0.2.tgz",
      "integrity": "sha512-Xf0nWe6RseziFMu+Ap9biiUbmplq6S9/p+7w7YXP/JBHhrUDDUhwa+vANyubuqfZWTveU//DYVGsDG7RKL/vEw==",
      "engines": {
        "node": ">=0.10.0"
      }
    },
    "node_modules/three": {
      "version": "0.135.0",
      "resolved": "https://registry.npmjs.org/three/-/three-0.135.0.tgz",
      "integrity": "sha512-kuEpuuxRzLv0MDsXai9huCxOSQPZ4vje6y0gn80SRmQvgz6/+rI0NAvCRAw56zYaWKMGMfqKWsxF9Qa2Z9xymQ=="
    },
    "node_modules/troika-three-text": {
      "version": "0.44.0",
      "resolved": "https://registry.npmjs.org/troika-three-text/-/troika-three-text-0.44.0.tgz",
      "integrity": "sha512-YwqXczjXQ4yq2a2ufO9icOIjeJutE/ODS8PHmmt/WAzVFqoiqeemclp/Ewiqm0+sdI1KnWRm6lj8df/zmhU3Og==",
      "dependencies": {
        "bidi-js": "^1.0.2",
        "troika-three-utils": "^0.44.0",
        "troika-worker-utils": "^0.44.0"
      },
      "peerDependencies": {
        "three": ">=0.103.0"
      }
    },
    "node_modules/troika-three-utils": {
      "version": "0.44.0",
      "resolved": "https://registry.npmjs.org/troika-three-utils/-/troika-three-utils-0.44.0.tgz",
      "integrity": "sha512-gaEpqrlWnkrVU5UgUx+YZTC8NrhsA2Tt6zEIbn3WNuom7pLtrgjuHpAM72gif7DoYdOWEyFco3Zb6rpJh9Fodg==",
      "peerDependencies": {
        "three": ">=0.103.0"
      }
    },
    "node_modules/troika-worker-utils": {
      "version": "0.44.0",
      "resolved": "https://registry.npmjs.org/troika-worker-utils/-/troika-worker-utils-0.44.0.tgz",
      "integrity": "sha512-/ETcH1rUoO9hVBL6Ifea2WOoGPw90ncrk8b8SJKTLtzcQvEWRIZ4eUxlVCtU93fLechCV+DWPs1y8+Bjh1WaJg=="
    },
    "node_modules/typescript": {
      "version": "4.5.4",
      "resolved": "https://registry.npmjs.org/typescript/-/typescript-4.5.4.tgz",
      "integrity": "sha512-VgYs2A2QIRuGphtzFV7aQJduJ2gyfTljngLzjpfW9FoYZF6xuw1W0vW9ghCKLfcWrCFxK81CSGRAvS1pn4fIUg==",
      "dev": true,
      "bin": {
        "tsc": "bin/tsc",
        "tsserver": "bin/tsserver"
      },
      "engines": {
        "node": ">=4.2.0"
      }
    }
  },
  "dependencies": {
    "@types/node": {
      "version": "17.0.1",
      "resolved": "https://registry.npmjs.org/@types/node/-/node-17.0.1.tgz",
      "integrity": "sha512-NXKvBVUzIbs6ylBwmOwHFkZS2EXCcjnqr8ZCRNaXBkHAf+3mn/rPcJxwrzuc6movh8fxQAsUUfYklJ/EG+hZqQ==",
      "dev": true
    },
    "@types/three": {
      "version": "0.135.0",
      "resolved": "https://registry.npmjs.org/@types/three/-/three-0.135.0.tgz",
      "integrity": "sha512-l7WLhIHjhHMtlpyTSltPPAKLpiMwgMD1hXHj59AVUpYRoZP7Fd9NNOSRSvZBCPLpTHPYojgQvSJCoza9zoL7bg==",
      "dev": true
    },
    "bidi-js": {
      "version": "1.0.2",
      "resolved": "https://registry.npmjs.org/bidi-js/-/bidi-js-1.0.2.tgz",
      "integrity": "sha512-rzSy/k7WdX5zOyeHHCOixGXbCHkyogkxPKL2r8QtzHmVQDiWCXUWa18bLdMWT9CYMLOYTjWpTHawuev2ouYJVw==",
      "requires": {
        "require-from-string": "^2.0.2"
      }
    },
    "require-from-string": {
      "version": "2.0.2",
      "resolved": "https://registry.npmjs.org/require-from-string/-/require-from-string-2.0.2.tgz",
      "integrity": "sha512-Xf0nWe6RseziFMu+Ap9biiUbmplq6S9/p+7w7YXP/JBHhrUDDUhwa+vANyubuqfZWTveU//DYVGsDG7RKL/vEw=="
    },
    "three": {
      "version": "0.135.0",
      "resolved": "https://registry.npmjs.org/three/-/three-0.135.0.tgz",
      "integrity": "sha512-kuEpuuxRzLv0MDsXai9huCxOSQPZ4vje6y0gn80SRmQvgz6/+rI0NAvCRAw56zYaWKMGMfqKWsxF9Qa2Z9xymQ=="
    },
    "troika-three-text": {
      "version": "0.44.0",
      "resolved": "https://registry.npmjs.org/troika-three-text/-/troika-three-text-0.44.0.tgz",
      "integrity": "sha512-YwqXczjXQ4yq2a2ufO9icOIjeJutE/ODS8PHmmt/WAzVFqoiqeemclp/Ewiqm0+sdI1KnWRm6lj8df/zmhU3Og==",
      "requires": {
        "bidi-js": "^1.0.2",
        "troika-three-utils": "^0.44.0",
        "troika-worker-utils": "^0.44.0"
      }
    },
    "troika-three-utils": {
      "version": "0.44.0",
      "resolved": "https://registry.npmjs.org/troika-three-utils/-/troika-three-utils-0.44.0.tgz",
      "integrity": "sha512-gaEpqrlWnkrVU5UgUx+YZTC8NrhsA2Tt6zEIbn3WNuom7pLtrgjuHpAM72gif7DoYdOWEyFco3Zb6rpJh9Fodg==",
      "requires": {}
    },
    "troika-worker-utils": {
      "version": "0.44.0",
      "resolved": "https://registry.npmjs.org/troika-worker-utils/-/troika-worker-utils-0.44.0.tgz",
      "integrity": "sha512-/ETcH1rUoO9hVBL6Ifea2WOoGPw90ncrk8b8SJKTLtzcQvEWRIZ4eUxlVCtU93fLechCV+DWPs1y8+Bjh1WaJg=="
    },
    "typescript": {
      "version": "4.5.4",
      "resolved": "https://registry.npmjs.org/typescript/-/typescript-4.5.4.tgz",
      "integrity": "sha512-VgYs2A2QIRuGphtzFV7aQJduJ2gyfTljngLzjpfW9FoYZF6xuw1W0vW9ghCKLfcWrCFxK81CSGRAvS1pn4fIUg==",
      "dev": true
    }
  }
}
